{
    "_readme": [
        "This file locks the dependencies of your project to a known state",
        "Read more about it at https://getcomposer.org/doc/"
    ],
    "content-hash": "d41d8cd98f00b204e9800998ecf8427e",
    "packages": [],
    "packages-dev": [],
    "platform": {
        "php": "^7.4 || ^8.0"
    },
    "platform-dev": [],
    "plugin-api-version": "2.3.0",
    "minimum-stability": "stable",
    "stability-flags": [],
    "prefer-stable": false,
    "prefer-lowest": false
}
